
Microsoft Visual Studio Solution File, Format Version 12.00
# Visual Studio Version 16
VisualStudioVersion = 16.0.30717.126
MinimumVisualStudioVersion = 10.0.40219.1
Project("{FAE04EC0-301F-11D3-BF4B-00C04F79EFBC}") = "KilicKasa", "KilicKasa.csproj", "{0DB3B2FB-7E49-4AFB-803E-17F43AB55114}"
EndProject
Global
	GlobalSection(SolutionConfigurationPlatforms) = preSolution
		Debug|Any CPU = Debug|Any CPU
		Release|Any CPU = Release|Any CPU
	EndGlobalSection
	GlobalSection(ProjectConfigurationPlatforms) = postSolution
		{0DB3B2FB-7E49-4AFB-803E-17F43AB55114}.Debug|Any CPU.ActiveCfg = Debug|Any CPU
		{0DB3B2FB-7E49-4AFB-803E-17F43AB55114}.Debug|Any CPU.Build.0 = Debug|Any CPU
		{0DB3B2FB-7E49-4AFB-803E-17F43AB55114}.Release|Any CPU.ActiveCfg = Release|Any CPU
		{0DB3B2FB-7E49-4AFB-803E-17F43AB55114}.Release|Any CPU.Build.0 = Release|Any CPU
	EndGlobalSection
	GlobalSection(SolutionProperties) = preSolution
		HideSolutionNode = FALSE
	EndGlobalSection
	GlobalSection(ExtensibilityGlobals) = postSolution
		SolutionGuid = {CF7C3C2B-FC68-403D-8D15-47FF4CF62FA8}
	EndGlobalSection
EndGlobal
